{
  "originHash" : "8a6f7ea497995029b05dc8577113416ce26edb9105a19e6b6a548f25255da1f3",
  "pins" : [
    {
      "identity" : "apipackage",
      "kind" : "remoteSourceControl",
      "location" : "https://github.com/K3TZR/ApiPackage.git",
      "state" : {
        "branch" : "main",
        "revision" : "2c9c5fef3a3b32c70b14ad5e8d2d7abcdcb48eba"
      }
    },
    {
      "identity" : "cocoaasyncsocket",
      "kind" : "remoteSourceControl",
      "location" : "https://github.com/robbiehanson/CocoaAsyncSocket",
      "state" : {
        "revision" : "dbdc00669c1ced63b27c3c5f052ee4d28f10150c",
        "version" : "7.6.5"
      }
    },
    {
      "identity" : "jwtdecode.swift",
      "kind" : "remoteSourceControl",
      "location" : "https://github.com/auth0/JWTDecode.swift",
      "state" : {
        "revision" : "3cd207fb9e943b6168a117baa3936c823204c2dc",
        "version" : "2.6.3"
      }
    }
  ],
  "version" : 3
}
